PODS:
  - DaV_Consultorio_SDK (1.0.10):
    - OpenTok (~> 2.19)
    - Sentry (~> 6)
  - OpenTok (2.19.0)
  - Sentry (6.2.1):
    - Sentry/Core (= 6.2.1)
  - Sentry/Core (6.2.1)

DEPENDENCIES:
  - DaV_Consultorio_SDK (from `../`)

SPEC REPOS:
  trunk:
    - OpenTok
    - Sentry

EXTERNAL SOURCES:
  DaV_Consultorio_SDK:
    :path: "../"

SPEC CHECKSUMS:
  DaV_Consultorio_SDK: 15fd7d958fbc29c02cb1fdb3ef82abb8c1801592
  OpenTok: 3ac356cce06545a573234582702abaf671d44909
  Sentry: 9b922b396b0e0bca8516a10e36b0ea3ebea5faf7

PODFILE CHECKSUM: e649f6a1f68986a2e68f4cb83a1d6d5764a778a5

COCOAPODS: 1.10.0.rc.1
